// !$*UTF8*$!
{
	archiveVersion = 1;
	classes = {
	};
	objectVersion = 50;
	objects = {

/* Begin PBXBuildFile section */
		F2FFF4DC26B243CE0031CCD5 /* AppDelegate.swift in Sources */ = {isa = PBXBuildFile; fileRef = F2FFF4DB26B243CE0031CCD5 /* AppDelegate.swift */; };
		F2FFF4DE26B243CE0031CCD5 /* SceneDelegate.swift in Sources */ = {isa = PBXBuildFile; fileRef = F2FFF4DD26B243CE0031CCD5 /* SceneDelegate.swift */; };
		F2FFF4E026B243CE0031CCD5 /* ViewController.swift in Sources */ = {isa = PBXBuildFile; fileRef = F2FFF4DF26B243CE0031CCD5 /* ViewController.swift */; };
		F2FFF4E326B243CE0031CCD5 /* Main.storyboard in Resources */ = {isa = PBXBuildFile; fileRef = F2FFF4E126B243CE0031CCD5 /* Main.storyboard */; };
		F2FFF4E526B243CF0031CCD5 /* Assets.xcassets in Resources */ = {isa = PBXBuildFile; fileRef = F2FFF4E426B243CF0031CCD5 /* Assets.xcassets */; };
		F2FFF4E826B243CF0031CCD5 /* LaunchScreen.storyboard in Resources */ = {isa = PBXBuildFile; fileRef = F2FFF4E626B243CF0031CCD5 /* LaunchScreen.storyboard */; };
		F2FFF4F026B244E20031CCD5 /* TableViewController.swift in Sources */ = {isa = PBXBuildFile; fileRef = F2FFF4EF26B244E20031CCD5 /* TableViewController.swift */; };
		F2FFF4F226B246FC0031CCD5 /* Share.swift in Sources */ = {isa = PBXBuildFile; fileRef = F2FFF4F126B246FC0031CCD5 /* Share.swift */; };
/* End PBXBuildFile section */

/* Begin PBXFileReference section */
		F2FFF4D826B243CE0031CCD5 /* SystemLayout.app */ = {isa = PBXFileReference; explicitFileType = wrapper.application; includeInIndex = 0; path = SystemLayout.app; sourceTree = BUILT_PRODUCTS_DIR; };
		F2FFF4DB26B243CE0031CCD5 /* AppDelegate.swift */ = {isa = PBXFileReference; lastKnownFileType = sourcecode.swift; path = AppDelegate.swift; sourceTree = "<group>"; };
		F2FFF4DD26B243CE0031CCD5 /* SceneDelegate.swift */ = {isa = PBXFileReference; lastKnownFileType = sourcecode.swift; path = SceneDelegate.swift; sourceTree = "<group>"; };
		F2FFF4DF26B243CE0031CCD5 /* ViewController.swift */ = {isa = PBXFileReference; lastKnownFileType = sourcecode.swift; path = ViewController.swift; sourceTree = "<group>"; };
		F2FFF4E226B243CE0031CCD5 /* Base */ = {isa = PBXFileReference; lastKnownFileType = file.storyboard; name = Base; path = Base.lproj/Main.storyboard; sourceTree = "<group>"; };
		F2FFF4E426B243CF0031CCD5 /* Assets.xcassets */ = {isa = PBXFileReference; lastKnownFileType = folder.assetcatalog; path = Assets.xcassets; sourceTree = "<group>"; };
		F2FFF4E726B243CF0031CCD5 /* Base */ = {isa = PBXFileReference; lastKnownFileType = file.storyboard; name = Base; path = Base.lproj/LaunchScreen.storyboard; sourceTree = "<group>"; };
		F2FFF4E926B243CF0031CCD5 /* Info.plist */ = {isa = PBXFileReference; lastKnownFileType = text.plist.xml; path = Info.plist; sourceTree = "<group>"; };
		F2FFF4EF26B244E20031CCD5 /* TableViewController.swift */ = {isa = PBXFileReference; lastKnownFileType = sourcecode.swift; path = TableViewController.swift; sourceTree = "<group>"; };
		F2FFF4F126B246FC0031CCD5 /* Share.swift */ = {isa = PBXFileReference; lastKnownFileType = sourcecode.swift; path = Share.swift; sourceTree = "<group>"; };
/* End PBXFileReference section */

/* Begin PBXFrameworksBuildPhase section */
		F2FFF4D526B243CE0031CCD5 /* Frameworks */ = {
			isa = PBXFrameworksBuildPhase;
			buildActionMask = 2147483647;
			files = (
			);
			runOnlyForDeploymentPostprocessing = 0;
		};
/* End PBXFrameworksBuildPhase section */

/* Begin PBXGroup section */
		F2FFF4CF26B243CE0031CCD5 = {
			isa = PBXGroup;
			children = (
				F2FFF4DA26B243CE0031CCD5 /* SystemLayout */,
				F2FFF4D926B243CE0031CCD5 /* Products */,
			);
			sourceTree = "<group>";
		};
		F2FFF4D926B243CE0031CCD5 /* Products */ = {
			isa = PBXGroup;
			children = (
				F2FFF4D826B243CE0031CCD5 /* SystemLayout.app */,
			);
			name = Products;
			sourceTree = "<group>";
		};
		F2FFF4DA26B243CE0031CCD5 /* SystemLayout */ = {
			isa = PBXGroup;
			children = (
				F2FFF4DB26B243CE0031CCD5 /* AppDelegate.swift */,
				F2FFF4DD26B243CE0031CCD5 /* SceneDelegate.swift */,
				F2FFF4EF26B244E20031CCD5 /* TableViewController.swift */,
				F2FFF4DF26B243CE0031CCD5 /* ViewController.swift */,
				F2FFF4F126B246FC0031CCD5 /* Share.swift */,
				F2FFF4E126B243CE0031CCD5 /* Main.storyboard */,
				F2FFF4E426B243CF0031CCD5 /* Assets.xcassets */,
				F2FFF4E626B243CF0031CCD5 /* LaunchScreen.storyboard */,
				F2FFF4E926B243CF0031CCD5 /* Info.plist */,
			);
			path = SystemLayout;
			sourceTree = "<group>";
		};
/* End PBXGroup section */

/* Begin PBXNativeTarget section */
		F2FFF4D726B243CE0031CCD5 /* SystemLayout */ = {
			isa = PBXNativeTarget;
			buildConfigurationList = F2FFF4EC26B243CF0031CCD5 /* Build configuration list for PBXNativeTarget "SystemLayout" */;
			buildPhases = (
				F2FFF4D426B243CE0031CCD5 /* Sources */,
				F2FFF4D526B243CE0031CCD5 /* Frameworks */,
				F2FFF4D626B243CE0031CCD5 /* Resources */,
			);
			buildRules = (
			);
			dependencies = (
			);
			name = SystemLayout;
			productName = SystemLayout;
			productReference = F2FFF4D826B243CE0031CCD5 /* SystemLayout.app */;
			productType = "com.apple.product-type.application";
		};
/* End PBXNativeTarget section */

/* Begin PBXProject section */
		F2FFF4D026B243CE0031CCD5 /* Project object */ = {
			isa = PBXProject;
			attributes = {
				LastSwiftUpdateCheck = 1250;
				LastUpgradeCheck = 1250;
				TargetAttributes = {
					F2FFF4D726B243CE0031CCD5 = {
						CreatedOnToolsVersion = 12.5.1;
					};
				};
			};
			buildConfigurationList = F2FFF4D326B243CE0031CCD5 /* Build configuration list for PBXProject "SystemLayout" */;
			compatibilityVersion = "Xcode 9.3";
			developmentRegion = en;
			hasScannedForEncodings = 0;
			knownRegions = (
				en,
				Base,
			);
			mainGroup = F2FFF4CF26B243CE0031CCD5;
			productRefGroup = F2FFF4D926B243CE0031CCD5 /* Products */;
			projectDirPath = "";
			projectRoot = "";
			targets = (
				F2FFF4D726B243CE0031CCD5 /* SystemLayout */,
			);
		};
/* End PBXProject section */

/* Begin PBXResourcesBuildPhase section */
		F2FFF4D626B243CE0031CCD5 /* Resources */ = {
			isa = PBXResourcesBuildPhase;
			buildActionMask = 2147483647;
			files = (
				F2FFF4E826B243CF0031CCD5 /* LaunchScreen.storyboard in Resources */,
				F2FFF4E526B243CF0031CCD5 /* Assets.xcassets in Resources */,
				F2FFF4E326B243CE0031CCD5 /* Main.storyboard in Resources */,
			);
			runOnlyForDeploymentPostprocessing = 0;
		};
/* End PBXResourcesBuildPhase section */

/* Begin PBXSourcesBuildPhase section */
		F2FFF4D426B243CE0031CCD5 /* Sources */ = {
			isa = PBXSourcesBuildPhase;
			buildActionMask = 2147483647;
			files = (
				F2FFF4F226B246FC0031CCD5 /* Share.swift in Sources */,
				F2FFF4E026B243CE0031CCD5 /* ViewController.swift in Sources */,
				F2FFF4DC26B243CE0031CCD5 /* AppDelegate.swift in Sources */,
				F2FFF4DE26B243CE0031CCD5 /* SceneDelegate.swift in Sources */,
				F2FFF4F026B244E20031CCD5 /* TableViewController.swift in Sources */,
			);
			runOnlyForDeploymentPostprocessing = 0;
		};
/* End PBXSourcesBuildPhase section */

/* Begin PBXVariantGroup section */
		F2FFF4E126B243CE0031CCD5 /* Main.storyboard */ = {
			isa = PBXVariantGroup;
			children = (
				F2FFF4E226B243CE0031CCD5 /* Base */,
			);
			name = Main.storyboard;
			sourceTree = "<group>";
		};
		F2FFF4E626B243CF0031CCD5 /* LaunchScreen.storyboard */ = {
			isa = PBXVariantGroup;
			children = (
				F2FFF4E726B243CF0031CCD5 /* Base */,
			);
			name = LaunchScreen.storyboard;
			sourceTree = "<group>";
		};
/* End PBXVariantGroup section */

/* Begin XCBuildConfiguration section */
		F2FFF4EA26B243CF0031CCD5 /* Debug */ = {
			isa = XCBuildConfiguration;
			buildSettings = {
				ALWAYS_SEARCH_USER_PATHS = NO;
				CLANG_ANALYZER_NONNULL = YES;
				CLANG_ANALYZER_NUMBER_OBJECT_CONVERSION = YES_AGGRESSIVE;
				CLANG_CXX_LANGUAGE_STANDARD = "gnu++14";
				CLANG_CXX_LIBRARY = "libc++";
				CLANG_ENABLE_MODULES = YES;
				CLANG_ENABLE_OBJC_ARC = YES;
				CLANG_ENABLE_OBJC_WEAK = YES;
				CLANG_WARN_BLOCK_CAPTURE_AUTORELEASING = YES;
				CLANG_WARN_BOOL_CONVERSION = YES;
				CLANG_WARN_COMMA = YES;
				CLANG_WARN_CONSTANT_CONVERSION = YES;
				CLANG_WARN_DEPRECATED_OBJC_IMPLEMENTATIONS = YES;
				CLANG_WARN_DIRECT_OBJC_ISA_USAGE = YES_ERROR;
				CLANG_WARN_DOCUMENTATION_COMMENTS = YES;
				CLANG_WARN_EMPTY_BODY = YES;
				CLANG_WARN_ENUM_CONVERSION = YES;
				CLANG_WARN_INFINITE_RECURSION = YES;
				CLANG_WARN_INT_CONVERSION = YES;
				CLANG_WARN_NON_LITERAL_NULL_CONVERSION = YES;
				CLANG_WARN_OBJC_IMPLICIT_RETAIN_SELF = YES;
				CLANG_WARN_OBJC_LITERAL_CONVERSION = YES;
				CLANG_WARN_OBJC_ROOT_CLASS = YES_ERROR;
				CLANG_WARN_QUOTED_INCLUDE_IN_FRAMEWORK_HEADER = YES;
				CLANG_WARN_RANGE_LOOP_ANALYSIS = YES;
				CLANG_WARN_STRICT_PROTOTYPES = YES;
				CLANG_WARN_SUSPICIOUS_MOVE = YES;
				CLANG_WARN_UNGUARDED_AVAILABILITY = YES_AGGRESSIVE;
				CLANG_WARN_UNREACHABLE_CODE = YES;
				CLANG_WARN__DUPLICATE_METHOD_MATCH = YES;
				COPY_PHASE_STRIP = NO;
				DEBUG_INFORMATION_FORMAT = dwarf;
				ENABLE_STRICT_OBJC_MSGSEND = YES;
				ENABLE_TESTABILITY = YES;
				GCC_C_LANGUAGE_STANDARD = gnu11;
				GCC_DYNAMIC_NO_PIC = NO;
				GCC_NO_COMMON_BLOCKS = YES;
				GCC_OPTIMIZATION_LEVEL = 0;
				GCC_PREPROCESSOR_DEFINITIONS = (
					"DEBUG=1",
					"$(inherited)",
				);
				GCC_WARN_64_TO_32_BIT_CONVERSION = YES;
				GCC_WARN_ABOUT_RETURN_TYPE = YES_ERROR;
				GCC_WARN_UNDECLARED_SELECTOR = YES;
				GCC_WARN_UNINITIALIZED_AUTOS = YES_AGGRESSIVE;
				GCC_WARN_UNUSED_FUNCTION = YES;
				GCC_WARN_UNUSED_VARIABLE = YES;
				IPHONEOS_DEPLOYMENT_TARGET = 14.5;
				MTL_ENABLE_DEBUG_INFO = INCLUDE_SOURCE;
				MTL_FAST_MATH = YES;
				ONLY_ACTIVE_ARCH = YES;
				SDKROOT = iphoneos;
				SWIFT_ACTIVE_COMPILATION_CONDITIONS = DEBUG;
				SWIFT_OPTIMIZATION_LEVEL = "-Onone";
			};
			name = Debug;
		};
		F2FFF4EB26B243CF0031CCD5 /* Release */ = {
			isa = XCBuildConfiguration;
			buildSettings = {
				ALWAYS_SEARCH_USER_PATHS = NO;
				CLANG_ANALYZER_NONNULL = YES;
				CLANG_ANALYZER_NUMBER_OBJECT_CONVERSION = YES_AGGRESSIVE;
				CLANG_CXX_LANGUAGE_STANDARD = "gnu++14";
				CLANG_CXX_LIBRARY = "libc++";
				CLANG_ENABLE_MODULES = YES;
				CLANG_ENABLE_OBJC_ARC = YES;
				CLANG_ENABLE_OBJC_WEAK = YES;
				CLANG_WARN_BLOCK_CAPTURE_AUTORELEASING = YES;
				CLANG_WARN_BOOL_CONVERSION = YES;
				CLANG_WARN_COMMA = YES;
				CLANG_WARN_CONSTANT_CONVERSION = YES;
				CLANG_WARN_DEPRECATED_OBJC_IMPLEMENTATIONS = YES;
				CLANG_WARN_DIRECT_OBJC_ISA_USAGE = YES_ERROR;
				CLANG_WARN_DOCUMENTATION_COMMENTS = YES;
				CLANG_WARN_EMPTY_BODY = YES;
				CLANG_WARN_ENUM_CONVERSION = YES;
				CLANG_WARN_INFINITE_RECURSION = YES;
				CLANG_WARN_INT_CONVERSION = YES;
				CLANG_WARN_NON_LITERAL_NULL_CONVERSION = YES;
				CLANG_WARN_OBJC_IMPLICIT_RETAIN_SELF = YES;
				CLANG_WARN_OBJC_LITERAL_CONVERSION = YES;
				CLANG_WARN_OBJC_ROOT_CLASS = YES_ERROR;
				CLANG_WARN_QUOTED_INCLUDE_IN_FRAMEWORK_HEADER = YES;
				CLANG_WARN_RANGE_LOOP_ANALYSIS = YES;
				CLANG_WARN_STRICT_PROTOTYPES = YES;
				CLANG_WARN_SUSPICIOUS_MOVE = YES;
				CLANG_WARN_UNGUARDED_AVAILABILITY = YES_AGGRESSIVE;
				CLANG_WARN_UNREACHABLE_CODE = YES;
				CLANG_WARN__DUPLICATE_METHOD_MATCH = YES;
				COPY_PHASE_STRIP = NO;
				DEBUG_INFORMATION_FORMAT = "dwarf-with-dsym";
				ENABLE_NS_ASSERTIONS = NO;
				ENABLE_STRICT_OBJC_MSGSEND = YES;
				GCC_C_LANGUAGE_STANDARD = gnu11;
				GCC_NO_COMMON_BLOCKS = YES;
				GCC_WARN_64_TO_32_BIT_CONVERSION = YES;
				GCC_WARN_ABOUT_RETURN_TYPE = YES_ERROR;
				GCC_WARN_UNDECLARED_SELECTOR = YES;
				GCC_WARN_UNINITIALIZED_AUTOS = YES_AGGRESSIVE;
				GCC_WARN_UNUSED_FUNCTION = YES;
				GCC_WARN_UNUSED_VARIABLE = YES;
				IPHONEOS_DEPLOYMENT_TARGET = 14.5;
				MTL_ENABLE_DEBUG_INFO = NO;
				MTL_FAST_MATH = YES;
				SDKROOT = iphoneos;
				SWIFT_COMPILATION_MODE = wholemodule;
				SWIFT_OPTIMIZATION_LEVEL = "-O";
				VALIDATE_PRODUCT = YES;
			};
			name = Release;
		};
		F2FFF4ED26B243CF0031CCD5 /* Debug */ = {
			isa = XCBuildConfiguration;
			buildSettings = {
				ASSETCATALOG_COMPILER_APPICON_NAME = AppIcon;
				ASSETCATALOG_COMPILER_GLOBAL_ACCENT_COLOR_NAME = AccentColor;
				CODE_SIGN_STYLE = Automatic;
				DEVELOPMENT_TEAM = HFLTZKJW7D;
				INFOPLIST_FILE = SystemLayout/Info.plist;
				LD_RUNPATH_SEARCH_PATHS = (
					"$(inherited)",
					"@executable_path/Frameworks",
				);
				PRODUCT_BUNDLE_IDENTIFIER = com.wonny.SystemLayout;
				PRODUCT_NAME = "$(TARGET_NAME)";
				SWIFT_VERSION = 5.0;
				TARGETED_DEVICE_FAMILY = "1,2";
			};
			name = Debug;
		};
		F2FFF4EE26B243CF0031CCD5 /* Release */ = {
			isa = XCBuildConfiguration;
			buildSettings = {
				ASSETCATALOG_COMPILER_APPICON_NAME = AppIcon;
				ASSETCATALOG_COMPILER_GLOBAL_ACCENT_COLOR_NAME = AccentColor;
				CODE_SIGN_STYLE = Automatic;
				DEVELOPMENT_TEAM = HFLTZKJW7D;
				INFOPLIST_FILE = SystemLayout/Info.plist;
				LD_RUNPATH_SEARCH_PATHS = (
					"$(inherited)",
					"@executable_path/Frameworks",
				);
				PRODUCT_BUNDLE_IDENTIFIER = com.wonny.SystemLayout;
				PRODUCT_NAME = "$(TARGET_NAME)";
				SWIFT_VERSION = 5.0;
				TARGETED_DEVICE_FAMILY = "1,2";
			};
			name = Release;
		};
/* End XCBuildConfiguration section */

/* Begin XCConfigurationList section */
		F2FFF4D326B243CE0031CCD5 /* Build configuration list for PBXProject "SystemLayout" */ = {
			isa = XCConfigurationList;
			buildConfigurations = (
				F2FFF4EA26B243CF0031CCD5 /* Debug */,
				F2FFF4EB26B243CF0031CCD5 /* Release */,
			);
			defaultConfigurationIsVisible = 0;
			defaultConfigurationName = Release;
		};
		F2FFF4EC26B243CF0031CCD5 /* Build configuration list for PBXNativeTarget "SystemLayout" */ = {
			isa = XCConfigurationList;
			buildConfigurations = (
				F2FFF4ED26B243CF0031CCD5 /* Debug */,
				F2FFF4EE26B243CF0031CCD5 /* Release */,
			);
			defaultConfigurationIsVisible = 0;
			defaultConfigurationName = Release;
		};
/* End XCConfigurationList section */
	};
	rootObject = F2FFF4D026B243CE0031CCD5 /* Project object */;
}
