// !$*UTF8*$!
{
	archiveVersion = 1;
	classes = {
	};
	objectVersion = 50;
	objects = {

/* Begin PBXBuildFile section */
		F2B7EB7026B19E7B0046CE40 /* AppDelegate.swift in Sources */ = {isa = PBXBuildFile; fileRef = F2B7EB6F26B19E7B0046CE40 /* AppDelegate.swift */; };
		F2B7EB7226B19E7B0046CE40 /* SceneDelegate.swift in Sources */ = {isa = PBXBuildFile; fileRef = F2B7EB7126B19E7B0046CE40 /* SceneDelegate.swift */; };
		F2B7EB7426B19E7B0046CE40 /* ViewController.swift in Sources */ = {isa = PBXBuildFile; fileRef = F2B7EB7326B19E7B0046CE40 /* ViewController.swift */; };
		F2B7EB7726B19E7B0046CE40 /* Main.storyboard in Resources */ = {isa = PBXBuildFile; fileRef = F2B7EB7526B19E7B0046CE40 /* Main.storyboard */; };
		F2B7EB7926B19E7C0046CE40 /* Assets.xcassets in Resources */ = {isa = PBXBuildFile; fileRef = F2B7EB7826B19E7C0046CE40 /* Assets.xcassets */; };
		F2B7EB7C26B19E7C0046CE40 /* LaunchScreen.storyboard in Resources */ = {isa = PBXBuildFile; fileRef = F2B7EB7A26B19E7C0046CE40 /* LaunchScreen.storyboard */; };
		F2B7EB8426B19E900046CE40 /* DBModel.swift in Sources */ = {isa = PBXBuildFile; fileRef = F2B7EB8326B19E900046CE40 /* DBModel.swift */; };
		F2B7EB8726B19EE90046CE40 /* DBItemModel.swift in Sources */ = {isa = PBXBuildFile; fileRef = F2B7EB8626B19EE90046CE40 /* DBItemModel.swift */; };
		F2B7EB8926B19FAF0046CE40 /* ItemQueryModel.swift in Sources */ = {isa = PBXBuildFile; fileRef = F2B7EB8826B19FAF0046CE40 /* ItemQueryModel.swift */; };
/* End PBXBuildFile section */

/* Begin PBXFileReference section */
		F2B7EB6C26B19E7B0046CE40 /* ProjectTest.app */ = {isa = PBXFileReference; explicitFileType = wrapper.application; includeInIndex = 0; path = ProjectTest.app; sourceTree = BUILT_PRODUCTS_DIR; };
		F2B7EB6F26B19E7B0046CE40 /* AppDelegate.swift */ = {isa = PBXFileReference; lastKnownFileType = sourcecode.swift; path = AppDelegate.swift; sourceTree = "<group>"; };
		F2B7EB7126B19E7B0046CE40 /* SceneDelegate.swift */ = {isa = PBXFileReference; lastKnownFileType = sourcecode.swift; path = SceneDelegate.swift; sourceTree = "<group>"; };
		F2B7EB7326B19E7B0046CE40 /* ViewController.swift */ = {isa = PBXFileReference; lastKnownFileType = sourcecode.swift; path = ViewController.swift; sourceTree = "<group>"; };
		F2B7EB7626B19E7B0046CE40 /* Base */ = {isa = PBXFileReference; lastKnownFileType = file.storyboard; name = Base; path = Base.lproj/Main.storyboard; sourceTree = "<group>"; };
		F2B7EB7826B19E7C0046CE40 /* Assets.xcassets */ = {isa = PBXFileReference; lastKnownFileType = folder.assetcatalog; path = Assets.xcassets; sourceTree = "<group>"; };
		F2B7EB7B26B19E7C0046CE40 /* Base */ = {isa = PBXFileReference; lastKnownFileType = file.storyboard; name = Base; path = Base.lproj/LaunchScreen.storyboard; sourceTree = "<group>"; };
		F2B7EB7D26B19E7C0046CE40 /* Info.plist */ = {isa = PBXFileReference; lastKnownFileType = text.plist.xml; path = Info.plist; sourceTree = "<group>"; };
		F2B7EB8326B19E900046CE40 /* DBModel.swift */ = {isa = PBXFileReference; lastKnownFileType = sourcecode.swift; path = DBModel.swift; sourceTree = "<group>"; };
		F2B7EB8626B19EE90046CE40 /* DBItemModel.swift */ = {isa = PBXFileReference; lastKnownFileType = sourcecode.swift; path = DBItemModel.swift; sourceTree = "<group>"; };
		F2B7EB8826B19FAF0046CE40 /* ItemQueryModel.swift */ = {isa = PBXFileReference; lastKnownFileType = sourcecode.swift; path = ItemQueryModel.swift; sourceTree = "<group>"; };
/* End PBXFileReference section */

/* Begin PBXFrameworksBuildPhase section */
		F2B7EB6926B19E7B0046CE40 /* Frameworks */ = {
			isa = PBXFrameworksBuildPhase;
			buildActionMask = 2147483647;
			files = (
			);
			runOnlyForDeploymentPostprocessing = 0;
		};
/* End PBXFrameworksBuildPhase section */

/* Begin PBXGroup section */
		F2B7EB6326B19E7B0046CE40 = {
			isa = PBXGroup;
			children = (
				F2B7EB6E26B19E7B0046CE40 /* ProjectTest */,
				F2B7EB6D26B19E7B0046CE40 /* Products */,
			);
			sourceTree = "<group>";
		};
		F2B7EB6D26B19E7B0046CE40 /* Products */ = {
			isa = PBXGroup;
			children = (
				F2B7EB6C26B19E7B0046CE40 /* ProjectTest.app */,
			);
			name = Products;
			sourceTree = "<group>";
		};
		F2B7EB6E26B19E7B0046CE40 /* ProjectTest */ = {
			isa = PBXGroup;
			children = (
				F2B7EB8526B19ED80046CE40 /* DBModel */,
				F2B7EB6F26B19E7B0046CE40 /* AppDelegate.swift */,
				F2B7EB7126B19E7B0046CE40 /* SceneDelegate.swift */,
				F2B7EB7326B19E7B0046CE40 /* ViewController.swift */,
				F2B7EB7526B19E7B0046CE40 /* Main.storyboard */,
				F2B7EB7826B19E7C0046CE40 /* Assets.xcassets */,
				F2B7EB7A26B19E7C0046CE40 /* LaunchScreen.storyboard */,
				F2B7EB7D26B19E7C0046CE40 /* Info.plist */,
				F2B7EB8326B19E900046CE40 /* DBModel.swift */,
			);
			path = ProjectTest;
			sourceTree = "<group>";
		};
		F2B7EB8526B19ED80046CE40 /* DBModel */ = {
			isa = PBXGroup;
			children = (
				F2B7EB8626B19EE90046CE40 /* DBItemModel.swift */,
				F2B7EB8826B19FAF0046CE40 /* ItemQueryModel.swift */,
			);
			path = DBModel;
			sourceTree = "<group>";
		};
/* End PBXGroup section */

/* Begin PBXNativeTarget section */
		F2B7EB6B26B19E7B0046CE40 /* ProjectTest */ = {
			isa = PBXNativeTarget;
			buildConfigurationList = F2B7EB8026B19E7C0046CE40 /* Build configuration list for PBXNativeTarget "ProjectTest" */;
			buildPhases = (
				F2B7EB6826B19E7B0046CE40 /* Sources */,
				F2B7EB6926B19E7B0046CE40 /* Frameworks */,
				F2B7EB6A26B19E7B0046CE40 /* Resources */,
			);
			buildRules = (
			);
			dependencies = (
			);
			name = ProjectTest;
			productName = ProjectTest;
			productReference = F2B7EB6C26B19E7B0046CE40 /* ProjectTest.app */;
			productType = "com.apple.product-type.application";
		};
/* End PBXNativeTarget section */

/* Begin PBXProject section */
		F2B7EB6426B19E7B0046CE40 /* Project object */ = {
			isa = PBXProject;
			attributes = {
				LastSwiftUpdateCheck = 1250;
				LastUpgradeCheck = 1250;
				TargetAttributes = {
					F2B7EB6B26B19E7B0046CE40 = {
						CreatedOnToolsVersion = 12.5.1;
					};
				};
			};
			buildConfigurationList = F2B7EB6726B19E7B0046CE40 /* Build configuration list for PBXProject "ProjectTest" */;
			compatibilityVersion = "Xcode 9.3";
			developmentRegion = en;
			hasScannedForEncodings = 0;
			knownRegions = (
				en,
				Base,
			);
			mainGroup = F2B7EB6326B19E7B0046CE40;
			productRefGroup = F2B7EB6D26B19E7B0046CE40 /* Products */;
			projectDirPath = "";
			projectRoot = "";
			targets = (
				F2B7EB6B26B19E7B0046CE40 /* ProjectTest */,
			);
		};
/* End PBXProject section */

/* Begin PBXResourcesBuildPhase section */
		F2B7EB6A26B19E7B0046CE40 /* Resources */ = {
			isa = PBXResourcesBuildPhase;
			buildActionMask = 2147483647;
			files = (
				F2B7EB7C26B19E7C0046CE40 /* LaunchScreen.storyboard in Resources */,
				F2B7EB7926B19E7C0046CE40 /* Assets.xcassets in Resources */,
				F2B7EB7726B19E7B0046CE40 /* Main.storyboard in Resources */,
			);
			runOnlyForDeploymentPostprocessing = 0;
		};
/* End PBXResourcesBuildPhase section */

/* Begin PBXSourcesBuildPhase section */
		F2B7EB6826B19E7B0046CE40 /* Sources */ = {
			isa = PBXSourcesBuildPhase;
			buildActionMask = 2147483647;
			files = (
				F2B7EB7426B19E7B0046CE40 /* ViewController.swift in Sources */,
				F2B7EB7026B19E7B0046CE40 /* AppDelegate.swift in Sources */,
				F2B7EB7226B19E7B0046CE40 /* SceneDelegate.swift in Sources */,
				F2B7EB8426B19E900046CE40 /* DBModel.swift in Sources */,
				F2B7EB8726B19EE90046CE40 /* DBItemModel.swift in Sources */,
				F2B7EB8926B19FAF0046CE40 /* ItemQueryModel.swift in Sources */,
			);
			runOnlyForDeploymentPostprocessing = 0;
		};
/* End PBXSourcesBuildPhase section */

/* Begin PBXVariantGroup section */
		F2B7EB7526B19E7B0046CE40 /* Main.storyboard */ = {
			isa = PBXVariantGroup;
			children = (
				F2B7EB7626B19E7B0046CE40 /* Base */,
			);
			name = Main.storyboard;
			sourceTree = "<group>";
		};
		F2B7EB7A26B19E7C0046CE40 /* LaunchScreen.storyboard */ = {
			isa = PBXVariantGroup;
			children = (
				F2B7EB7B26B19E7C0046CE40 /* Base */,
			);
			name = LaunchScreen.storyboard;
			sourceTree = "<group>";
		};
/* End PBXVariantGroup section */

/* Begin XCBuildConfiguration section */
		F2B7EB7E26B19E7C0046CE40 /* Debug */ = {
			isa = XCBuildConfiguration;
			buildSettings = {
				ALWAYS_SEARCH_USER_PATHS = NO;
				CLANG_ANALYZER_NONNULL = YES;
				CLANG_ANALYZER_NUMBER_OBJECT_CONVERSION = YES_AGGRESSIVE;
				CLANG_CXX_LANGUAGE_STANDARD = "gnu++14";
				CLANG_CXX_LIBRARY = "libc++";
				CLANG_ENABLE_MODULES = YES;
				CLANG_ENABLE_OBJC_ARC = YES;
				CLANG_ENABLE_OBJC_WEAK = YES;
				CLANG_WARN_BLOCK_CAPTURE_AUTORELEASING = YES;
				CLANG_WARN_BOOL_CONVERSION = YES;
				CLANG_WARN_COMMA = YES;
				CLANG_WARN_CONSTANT_CONVERSION = YES;
				CLANG_WARN_DEPRECATED_OBJC_IMPLEMENTATIONS = YES;
				CLANG_WARN_DIRECT_OBJC_ISA_USAGE = YES_ERROR;
				CLANG_WARN_DOCUMENTATION_COMMENTS = YES;
				CLANG_WARN_EMPTY_BODY = YES;
				CLANG_WARN_ENUM_CONVERSION = YES;
				CLANG_WARN_INFINITE_RECURSION = YES;
				CLANG_WARN_INT_CONVERSION = YES;
				CLANG_WARN_NON_LITERAL_NULL_CONVERSION = YES;
				CLANG_WARN_OBJC_IMPLICIT_RETAIN_SELF = YES;
				CLANG_WARN_OBJC_LITERAL_CONVERSION = YES;
				CLANG_WARN_OBJC_ROOT_CLASS = YES_ERROR;
				CLANG_WARN_QUOTED_INCLUDE_IN_FRAMEWORK_HEADER = YES;
				CLANG_WARN_RANGE_LOOP_ANALYSIS = YES;
				CLANG_WARN_STRICT_PROTOTYPES = YES;
				CLANG_WARN_SUSPICIOUS_MOVE = YES;
				CLANG_WARN_UNGUARDED_AVAILABILITY = YES_AGGRESSIVE;
				CLANG_WARN_UNREACHABLE_CODE = YES;
				CLANG_WARN__DUPLICATE_METHOD_MATCH = YES;
				COPY_PHASE_STRIP = NO;
				DEBUG_INFORMATION_FORMAT = dwarf;
				ENABLE_STRICT_OBJC_MSGSEND = YES;
				ENABLE_TESTABILITY = YES;
				GCC_C_LANGUAGE_STANDARD = gnu11;
				GCC_DYNAMIC_NO_PIC = NO;
				GCC_NO_COMMON_BLOCKS = YES;
				GCC_OPTIMIZATION_LEVEL = 0;
				GCC_PREPROCESSOR_DEFINITIONS = (
					"DEBUG=1",
					"$(inherited)",
				);
				GCC_WARN_64_TO_32_BIT_CONVERSION = YES;
				GCC_WARN_ABOUT_RETURN_TYPE = YES_ERROR;
				GCC_WARN_UNDECLARED_SELECTOR = YES;
				GCC_WARN_UNINITIALIZED_AUTOS = YES_AGGRESSIVE;
				GCC_WARN_UNUSED_FUNCTION = YES;
				GCC_WARN_UNUSED_VARIABLE = YES;
				IPHONEOS_DEPLOYMENT_TARGET = 14.5;
				MTL_ENABLE_DEBUG_INFO = INCLUDE_SOURCE;
				MTL_FAST_MATH = YES;
				ONLY_ACTIVE_ARCH = YES;
				SDKROOT = iphoneos;
				SWIFT_ACTIVE_COMPILATION_CONDITIONS = DEBUG;
				SWIFT_OPTIMIZATION_LEVEL = "-Onone";
			};
			name = Debug;
		};
		F2B7EB7F26B19E7C0046CE40 /* Release */ = {
			isa = XCBuildConfiguration;
			buildSettings = {
				ALWAYS_SEARCH_USER_PATHS = NO;
				CLANG_ANALYZER_NONNULL = YES;
				CLANG_ANALYZER_NUMBER_OBJECT_CONVERSION = YES_AGGRESSIVE;
				CLANG_CXX_LANGUAGE_STANDARD = "gnu++14";
				CLANG_CXX_LIBRARY = "libc++";
				CLANG_ENABLE_MODULES = YES;
				CLANG_ENABLE_OBJC_ARC = YES;
				CLANG_ENABLE_OBJC_WEAK = YES;
				CLANG_WARN_BLOCK_CAPTURE_AUTORELEASING = YES;
				CLANG_WARN_BOOL_CONVERSION = YES;
				CLANG_WARN_COMMA = YES;
				CLANG_WARN_CONSTANT_CONVERSION = YES;
				CLANG_WARN_DEPRECATED_OBJC_IMPLEMENTATIONS = YES;
				CLANG_WARN_DIRECT_OBJC_ISA_USAGE = YES_ERROR;
				CLANG_WARN_DOCUMENTATION_COMMENTS = YES;
				CLANG_WARN_EMPTY_BODY = YES;
				CLANG_WARN_ENUM_CONVERSION = YES;
				CLANG_WARN_INFINITE_RECURSION = YES;
				CLANG_WARN_INT_CONVERSION = YES;
				CLANG_WARN_NON_LITERAL_NULL_CONVERSION = YES;
				CLANG_WARN_OBJC_IMPLICIT_RETAIN_SELF = YES;
				CLANG_WARN_OBJC_LITERAL_CONVERSION = YES;
				CLANG_WARN_OBJC_ROOT_CLASS = YES_ERROR;
				CLANG_WARN_QUOTED_INCLUDE_IN_FRAMEWORK_HEADER = YES;
				CLANG_WARN_RANGE_LOOP_ANALYSIS = YES;
				CLANG_WARN_STRICT_PROTOTYPES = YES;
				CLANG_WARN_SUSPICIOUS_MOVE = YES;
				CLANG_WARN_UNGUARDED_AVAILABILITY = YES_AGGRESSIVE;
				CLANG_WARN_UNREACHABLE_CODE = YES;
				CLANG_WARN__DUPLICATE_METHOD_MATCH = YES;
				COPY_PHASE_STRIP = NO;
				DEBUG_INFORMATION_FORMAT = "dwarf-with-dsym";
				ENABLE_NS_ASSERTIONS = NO;
				ENABLE_STRICT_OBJC_MSGSEND = YES;
				GCC_C_LANGUAGE_STANDARD = gnu11;
				GCC_NO_COMMON_BLOCKS = YES;
				GCC_WARN_64_TO_32_BIT_CONVERSION = YES;
				GCC_WARN_ABOUT_RETURN_TYPE = YES_ERROR;
				GCC_WARN_UNDECLARED_SELECTOR = YES;
				GCC_WARN_UNINITIALIZED_AUTOS = YES_AGGRESSIVE;
				GCC_WARN_UNUSED_FUNCTION = YES;
				GCC_WARN_UNUSED_VARIABLE = YES;
				IPHONEOS_DEPLOYMENT_TARGET = 14.5;
				MTL_ENABLE_DEBUG_INFO = NO;
				MTL_FAST_MATH = YES;
				SDKROOT = iphoneos;
				SWIFT_COMPILATION_MODE = wholemodule;
				SWIFT_OPTIMIZATION_LEVEL = "-O";
				VALIDATE_PRODUCT = YES;
			};
			name = Release;
		};
		F2B7EB8126B19E7C0046CE40 /* Debug */ = {
			isa = XCBuildConfiguration;
			buildSettings = {
				ASSETCATALOG_COMPILER_APPICON_NAME = AppIcon;
				ASSETCATALOG_COMPILER_GLOBAL_ACCENT_COLOR_NAME = AccentColor;
				CODE_SIGN_STYLE = Automatic;
				DEVELOPMENT_TEAM = HFLTZKJW7D;
				INFOPLIST_FILE = ProjectTest/Info.plist;
				LD_RUNPATH_SEARCH_PATHS = (
					"$(inherited)",
					"@executable_path/Frameworks",
				);
				PRODUCT_BUNDLE_IDENTIFIER = com.wonny.ProjectTest;
				PRODUCT_NAME = "$(TARGET_NAME)";
				SWIFT_VERSION = 5.0;
				TARGETED_DEVICE_FAMILY = "1,2";
			};
			name = Debug;
		};
		F2B7EB8226B19E7C0046CE40 /* Release */ = {
			isa = XCBuildConfiguration;
			buildSettings = {
				ASSETCATALOG_COMPILER_APPICON_NAME = AppIcon;
				ASSETCATALOG_COMPILER_GLOBAL_ACCENT_COLOR_NAME = AccentColor;
				CODE_SIGN_STYLE = Automatic;
				DEVELOPMENT_TEAM = HFLTZKJW7D;
				INFOPLIST_FILE = ProjectTest/Info.plist;
				LD_RUNPATH_SEARCH_PATHS = (
					"$(inherited)",
					"@executable_path/Frameworks",
				);
				PRODUCT_BUNDLE_IDENTIFIER = com.wonny.ProjectTest;
				PRODUCT_NAME = "$(TARGET_NAME)";
				SWIFT_VERSION = 5.0;
				TARGETED_DEVICE_FAMILY = "1,2";
			};
			name = Release;
		};
/* End XCBuildConfiguration section */

/* Begin XCConfigurationList section */
		F2B7EB6726B19E7B0046CE40 /* Build configuration list for PBXProject "ProjectTest" */ = {
			isa = XCConfigurationList;
			buildConfigurations = (
				F2B7EB7E26B19E7C0046CE40 /* Debug */,
				F2B7EB7F26B19E7C0046CE40 /* Release */,
			);
			defaultConfigurationIsVisible = 0;
			defaultConfigurationName = Release;
		};
		F2B7EB8026B19E7C0046CE40 /* Build configuration list for PBXNativeTarget "ProjectTest" */ = {
			isa = XCConfigurationList;
			buildConfigurations = (
				F2B7EB8126B19E7C0046CE40 /* Debug */,
				F2B7EB8226B19E7C0046CE40 /* Release */,
			);
			defaultConfigurationIsVisible = 0;
			defaultConfigurationName = Release;
		};
/* End XCConfigurationList section */
	};
	rootObject = F2B7EB6426B19E7B0046CE40 /* Project object */;
}
