// !$*UTF8*$!
{
	archiveVersion = 1;
	classes = {
	};
	objectVersion = 50;
	objects = {

/* Begin PBXBuildFile section */
		F26E925626AFFE1800837E27 /* AppDelegate.swift in Sources */ = {isa = PBXBuildFile; fileRef = F26E925526AFFE1800837E27 /* AppDelegate.swift */; };
		F26E925826AFFE1800837E27 /* SceneDelegate.swift in Sources */ = {isa = PBXBuildFile; fileRef = F26E925726AFFE1800837E27 /* SceneDelegate.swift */; };
		F26E925D26AFFE1800837E27 /* Main.storyboard in Resources */ = {isa = PBXBuildFile; fileRef = F26E925B26AFFE1800837E27 /* Main.storyboard */; };
		F26E925F26AFFE1900837E27 /* Assets.xcassets in Resources */ = {isa = PBXBuildFile; fileRef = F26E925E26AFFE1900837E27 /* Assets.xcassets */; };
		F26E926226AFFE1900837E27 /* LaunchScreen.storyboard in Resources */ = {isa = PBXBuildFile; fileRef = F26E926026AFFE1900837E27 /* LaunchScreen.storyboard */; };
		F26E926A26AFFEC000837E27 /* TableViewController.swift in Sources */ = {isa = PBXBuildFile; fileRef = F26E926926AFFEC000837E27 /* TableViewController.swift */; };
		F26E926C26AFFF9B00837E27 /* DBModel.swift in Sources */ = {isa = PBXBuildFile; fileRef = F26E926B26AFFF9B00837E27 /* DBModel.swift */; };
		F26E926E26B0009900837E27 /* JsonModel.swift in Sources */ = {isa = PBXBuildFile; fileRef = F26E926D26B0009900837E27 /* JsonModel.swift */; };
/* End PBXBuildFile section */

/* Begin PBXFileReference section */
		F26E925226AFFE1800837E27 /* ServerJson_01.app */ = {isa = PBXFileReference; explicitFileType = wrapper.application; includeInIndex = 0; path = ServerJson_01.app; sourceTree = BUILT_PRODUCTS_DIR; };
		F26E925526AFFE1800837E27 /* AppDelegate.swift */ = {isa = PBXFileReference; lastKnownFileType = sourcecode.swift; path = AppDelegate.swift; sourceTree = "<group>"; };
		F26E925726AFFE1800837E27 /* SceneDelegate.swift */ = {isa = PBXFileReference; lastKnownFileType = sourcecode.swift; path = SceneDelegate.swift; sourceTree = "<group>"; };
		F26E925C26AFFE1800837E27 /* Base */ = {isa = PBXFileReference; lastKnownFileType = file.storyboard; name = Base; path = Base.lproj/Main.storyboard; sourceTree = "<group>"; };
		F26E925E26AFFE1900837E27 /* Assets.xcassets */ = {isa = PBXFileReference; lastKnownFileType = folder.assetcatalog; path = Assets.xcassets; sourceTree = "<group>"; };
		F26E926126AFFE1900837E27 /* Base */ = {isa = PBXFileReference; lastKnownFileType = file.storyboard; name = Base; path = Base.lproj/LaunchScreen.storyboard; sourceTree = "<group>"; };
		F26E926326AFFE1900837E27 /* Info.plist */ = {isa = PBXFileReference; lastKnownFileType = text.plist.xml; path = Info.plist; sourceTree = "<group>"; };
		F26E926926AFFEC000837E27 /* TableViewController.swift */ = {isa = PBXFileReference; lastKnownFileType = sourcecode.swift; path = TableViewController.swift; sourceTree = "<group>"; };
		F26E926B26AFFF9B00837E27 /* DBModel.swift */ = {isa = PBXFileReference; lastKnownFileType = sourcecode.swift; path = DBModel.swift; sourceTree = "<group>"; };
		F26E926D26B0009900837E27 /* JsonModel.swift */ = {isa = PBXFileReference; lastKnownFileType = sourcecode.swift; path = JsonModel.swift; sourceTree = "<group>"; };
/* End PBXFileReference section */

/* Begin PBXFrameworksBuildPhase section */
		F26E924F26AFFE1800837E27 /* Frameworks */ = {
			isa = PBXFrameworksBuildPhase;
			buildActionMask = 2147483647;
			files = (
			);
			runOnlyForDeploymentPostprocessing = 0;
		};
/* End PBXFrameworksBuildPhase section */

/* Begin PBXGroup section */
		F26E924926AFFE1800837E27 = {
			isa = PBXGroup;
			children = (
				F26E925426AFFE1800837E27 /* ServerJson_01 */,
				F26E925326AFFE1800837E27 /* Products */,
			);
			sourceTree = "<group>";
		};
		F26E925326AFFE1800837E27 /* Products */ = {
			isa = PBXGroup;
			children = (
				F26E925226AFFE1800837E27 /* ServerJson_01.app */,
			);
			name = Products;
			sourceTree = "<group>";
		};
		F26E925426AFFE1800837E27 /* ServerJson_01 */ = {
			isa = PBXGroup;
			children = (
				F26E925526AFFE1800837E27 /* AppDelegate.swift */,
				F26E925726AFFE1800837E27 /* SceneDelegate.swift */,
				F26E926926AFFEC000837E27 /* TableViewController.swift */,
				F26E925B26AFFE1800837E27 /* Main.storyboard */,
				F26E925E26AFFE1900837E27 /* Assets.xcassets */,
				F26E926026AFFE1900837E27 /* LaunchScreen.storyboard */,
				F26E926326AFFE1900837E27 /* Info.plist */,
				F26E926B26AFFF9B00837E27 /* DBModel.swift */,
				F26E926D26B0009900837E27 /* JsonModel.swift */,
			);
			path = ServerJson_01;
			sourceTree = "<group>";
		};
/* End PBXGroup section */

/* Begin PBXNativeTarget section */
		F26E925126AFFE1800837E27 /* ServerJson_01 */ = {
			isa = PBXNativeTarget;
			buildConfigurationList = F26E926626AFFE1900837E27 /* Build configuration list for PBXNativeTarget "ServerJson_01" */;
			buildPhases = (
				F26E924E26AFFE1800837E27 /* Sources */,
				F26E924F26AFFE1800837E27 /* Frameworks */,
				F26E925026AFFE1800837E27 /* Resources */,
			);
			buildRules = (
			);
			dependencies = (
			);
			name = ServerJson_01;
			productName = ServerJson_01;
			productReference = F26E925226AFFE1800837E27 /* ServerJson_01.app */;
			productType = "com.apple.product-type.application";
		};
/* End PBXNativeTarget section */

/* Begin PBXProject section */
		F26E924A26AFFE1800837E27 /* Project object */ = {
			isa = PBXProject;
			attributes = {
				LastSwiftUpdateCheck = 1250;
				LastUpgradeCheck = 1250;
				TargetAttributes = {
					F26E925126AFFE1800837E27 = {
						CreatedOnToolsVersion = 12.5.1;
					};
				};
			};
			buildConfigurationList = F26E924D26AFFE1800837E27 /* Build configuration list for PBXProject "ServerJson_01" */;
			compatibilityVersion = "Xcode 9.3";
			developmentRegion = en;
			hasScannedForEncodings = 0;
			knownRegions = (
				en,
				Base,
			);
			mainGroup = F26E924926AFFE1800837E27;
			productRefGroup = F26E925326AFFE1800837E27 /* Products */;
			projectDirPath = "";
			projectRoot = "";
			targets = (
				F26E925126AFFE1800837E27 /* ServerJson_01 */,
			);
		};
/* End PBXProject section */

/* Begin PBXResourcesBuildPhase section */
		F26E925026AFFE1800837E27 /* Resources */ = {
			isa = PBXResourcesBuildPhase;
			buildActionMask = 2147483647;
			files = (
				F26E926226AFFE1900837E27 /* LaunchScreen.storyboard in Resources */,
				F26E925F26AFFE1900837E27 /* Assets.xcassets in Resources */,
				F26E925D26AFFE1800837E27 /* Main.storyboard in Resources */,
			);
			runOnlyForDeploymentPostprocessing = 0;
		};
/* End PBXResourcesBuildPhase section */

/* Begin PBXSourcesBuildPhase section */
		F26E924E26AFFE1800837E27 /* Sources */ = {
			isa = PBXSourcesBuildPhase;
			buildActionMask = 2147483647;
			files = (
				F26E926E26B0009900837E27 /* JsonModel.swift in Sources */,
				F26E925626AFFE1800837E27 /* AppDelegate.swift in Sources */,
				F26E926A26AFFEC000837E27 /* TableViewController.swift in Sources */,
				F26E925826AFFE1800837E27 /* SceneDelegate.swift in Sources */,
				F26E926C26AFFF9B00837E27 /* DBModel.swift in Sources */,
			);
			runOnlyForDeploymentPostprocessing = 0;
		};
/* End PBXSourcesBuildPhase section */

/* Begin PBXVariantGroup section */
		F26E925B26AFFE1800837E27 /* Main.storyboard */ = {
			isa = PBXVariantGroup;
			children = (
				F26E925C26AFFE1800837E27 /* Base */,
			);
			name = Main.storyboard;
			sourceTree = "<group>";
		};
		F26E926026AFFE1900837E27 /* LaunchScreen.storyboard */ = {
			isa = PBXVariantGroup;
			children = (
				F26E926126AFFE1900837E27 /* Base */,
			);
			name = LaunchScreen.storyboard;
			sourceTree = "<group>";
		};
/* End PBXVariantGroup section */

/* Begin XCBuildConfiguration section */
		F26E926426AFFE1900837E27 /* Debug */ = {
			isa = XCBuildConfiguration;
			buildSettings = {
				ALWAYS_SEARCH_USER_PATHS = NO;
				CLANG_ANALYZER_NONNULL = YES;
				CLANG_ANALYZER_NUMBER_OBJECT_CONVERSION = YES_AGGRESSIVE;
				CLANG_CXX_LANGUAGE_STANDARD = "gnu++14";
				CLANG_CXX_LIBRARY = "libc++";
				CLANG_ENABLE_MODULES = YES;
				CLANG_ENABLE_OBJC_ARC = YES;
				CLANG_ENABLE_OBJC_WEAK = YES;
				CLANG_WARN_BLOCK_CAPTURE_AUTORELEASING = YES;
				CLANG_WARN_BOOL_CONVERSION = YES;
				CLANG_WARN_COMMA = YES;
				CLANG_WARN_CONSTANT_CONVERSION = YES;
				CLANG_WARN_DEPRECATED_OBJC_IMPLEMENTATIONS = YES;
				CLANG_WARN_DIRECT_OBJC_ISA_USAGE = YES_ERROR;
				CLANG_WARN_DOCUMENTATION_COMMENTS = YES;
				CLANG_WARN_EMPTY_BODY = YES;
				CLANG_WARN_ENUM_CONVERSION = YES;
				CLANG_WARN_INFINITE_RECURSION = YES;
				CLANG_WARN_INT_CONVERSION = YES;
				CLANG_WARN_NON_LITERAL_NULL_CONVERSION = YES;
				CLANG_WARN_OBJC_IMPLICIT_RETAIN_SELF = YES;
				CLANG_WARN_OBJC_LITERAL_CONVERSION = YES;
				CLANG_WARN_OBJC_ROOT_CLASS = YES_ERROR;
				CLANG_WARN_QUOTED_INCLUDE_IN_FRAMEWORK_HEADER = YES;
				CLANG_WARN_RANGE_LOOP_ANALYSIS = YES;
				CLANG_WARN_STRICT_PROTOTYPES = YES;
				CLANG_WARN_SUSPICIOUS_MOVE = YES;
				CLANG_WARN_UNGUARDED_AVAILABILITY = YES_AGGRESSIVE;
				CLANG_WARN_UNREACHABLE_CODE = YES;
				CLANG_WARN__DUPLICATE_METHOD_MATCH = YES;
				COPY_PHASE_STRIP = NO;
				DEBUG_INFORMATION_FORMAT = dwarf;
				ENABLE_STRICT_OBJC_MSGSEND = YES;
				ENABLE_TESTABILITY = YES;
				GCC_C_LANGUAGE_STANDARD = gnu11;
				GCC_DYNAMIC_NO_PIC = NO;
				GCC_NO_COMMON_BLOCKS = YES;
				GCC_OPTIMIZATION_LEVEL = 0;
				GCC_PREPROCESSOR_DEFINITIONS = (
					"DEBUG=1",
					"$(inherited)",
				);
				GCC_WARN_64_TO_32_BIT_CONVERSION = YES;
				GCC_WARN_ABOUT_RETURN_TYPE = YES_ERROR;
				GCC_WARN_UNDECLARED_SELECTOR = YES;
				GCC_WARN_UNINITIALIZED_AUTOS = YES_AGGRESSIVE;
				GCC_WARN_UNUSED_FUNCTION = YES;
				GCC_WARN_UNUSED_VARIABLE = YES;
				IPHONEOS_DEPLOYMENT_TARGET = 14.5;
				MTL_ENABLE_DEBUG_INFO = INCLUDE_SOURCE;
				MTL_FAST_MATH = YES;
				ONLY_ACTIVE_ARCH = YES;
				SDKROOT = iphoneos;
				SWIFT_ACTIVE_COMPILATION_CONDITIONS = DEBUG;
				SWIFT_OPTIMIZATION_LEVEL = "-Onone";
			};
			name = Debug;
		};
		F26E926526AFFE1900837E27 /* Release */ = {
			isa = XCBuildConfiguration;
			buildSettings = {
				ALWAYS_SEARCH_USER_PATHS = NO;
				CLANG_ANALYZER_NONNULL = YES;
				CLANG_ANALYZER_NUMBER_OBJECT_CONVERSION = YES_AGGRESSIVE;
				CLANG_CXX_LANGUAGE_STANDARD = "gnu++14";
				CLANG_CXX_LIBRARY = "libc++";
				CLANG_ENABLE_MODULES = YES;
				CLANG_ENABLE_OBJC_ARC = YES;
				CLANG_ENABLE_OBJC_WEAK = YES;
				CLANG_WARN_BLOCK_CAPTURE_AUTORELEASING = YES;
				CLANG_WARN_BOOL_CONVERSION = YES;
				CLANG_WARN_COMMA = YES;
				CLANG_WARN_CONSTANT_CONVERSION = YES;
				CLANG_WARN_DEPRECATED_OBJC_IMPLEMENTATIONS = YES;
				CLANG_WARN_DIRECT_OBJC_ISA_USAGE = YES_ERROR;
				CLANG_WARN_DOCUMENTATION_COMMENTS = YES;
				CLANG_WARN_EMPTY_BODY = YES;
				CLANG_WARN_ENUM_CONVERSION = YES;
				CLANG_WARN_INFINITE_RECURSION = YES;
				CLANG_WARN_INT_CONVERSION = YES;
				CLANG_WARN_NON_LITERAL_NULL_CONVERSION = YES;
				CLANG_WARN_OBJC_IMPLICIT_RETAIN_SELF = YES;
				CLANG_WARN_OBJC_LITERAL_CONVERSION = YES;
				CLANG_WARN_OBJC_ROOT_CLASS = YES_ERROR;
				CLANG_WARN_QUOTED_INCLUDE_IN_FRAMEWORK_HEADER = YES;
				CLANG_WARN_RANGE_LOOP_ANALYSIS = YES;
				CLANG_WARN_STRICT_PROTOTYPES = YES;
				CLANG_WARN_SUSPICIOUS_MOVE = YES;
				CLANG_WARN_UNGUARDED_AVAILABILITY = YES_AGGRESSIVE;
				CLANG_WARN_UNREACHABLE_CODE = YES;
				CLANG_WARN__DUPLICATE_METHOD_MATCH = YES;
				COPY_PHASE_STRIP = NO;
				DEBUG_INFORMATION_FORMAT = "dwarf-with-dsym";
				ENABLE_NS_ASSERTIONS = NO;
				ENABLE_STRICT_OBJC_MSGSEND = YES;
				GCC_C_LANGUAGE_STANDARD = gnu11;
				GCC_NO_COMMON_BLOCKS = YES;
				GCC_WARN_64_TO_32_BIT_CONVERSION = YES;
				GCC_WARN_ABOUT_RETURN_TYPE = YES_ERROR;
				GCC_WARN_UNDECLARED_SELECTOR = YES;
				GCC_WARN_UNINITIALIZED_AUTOS = YES_AGGRESSIVE;
				GCC_WARN_UNUSED_FUNCTION = YES;
				GCC_WARN_UNUSED_VARIABLE = YES;
				IPHONEOS_DEPLOYMENT_TARGET = 14.5;
				MTL_ENABLE_DEBUG_INFO = NO;
				MTL_FAST_MATH = YES;
				SDKROOT = iphoneos;
				SWIFT_COMPILATION_MODE = wholemodule;
				SWIFT_OPTIMIZATION_LEVEL = "-O";
				VALIDATE_PRODUCT = YES;
			};
			name = Release;
		};
		F26E926726AFFE1900837E27 /* Debug */ = {
			isa = XCBuildConfiguration;
			buildSettings = {
				ASSETCATALOG_COMPILER_APPICON_NAME = AppIcon;
				ASSETCATALOG_COMPILER_GLOBAL_ACCENT_COLOR_NAME = AccentColor;
				CODE_SIGN_STYLE = Automatic;
				DEVELOPMENT_TEAM = HFLTZKJW7D;
				INFOPLIST_FILE = ServerJson_01/Info.plist;
				LD_RUNPATH_SEARCH_PATHS = (
					"$(inherited)",
					"@executable_path/Frameworks",
				);
				PRODUCT_BUNDLE_IDENTIFIER = "com.wonny.ServerJson-01";
				PRODUCT_NAME = "$(TARGET_NAME)";
				SWIFT_VERSION = 5.0;
				TARGETED_DEVICE_FAMILY = "1,2";
			};
			name = Debug;
		};
		F26E926826AFFE1900837E27 /* Release */ = {
			isa = XCBuildConfiguration;
			buildSettings = {
				ASSETCATALOG_COMPILER_APPICON_NAME = AppIcon;
				ASSETCATALOG_COMPILER_GLOBAL_ACCENT_COLOR_NAME = AccentColor;
				CODE_SIGN_STYLE = Automatic;
				DEVELOPMENT_TEAM = HFLTZKJW7D;
				INFOPLIST_FILE = ServerJson_01/Info.plist;
				LD_RUNPATH_SEARCH_PATHS = (
					"$(inherited)",
					"@executable_path/Frameworks",
				);
				PRODUCT_BUNDLE_IDENTIFIER = "com.wonny.ServerJson-01";
				PRODUCT_NAME = "$(TARGET_NAME)";
				SWIFT_VERSION = 5.0;
				TARGETED_DEVICE_FAMILY = "1,2";
			};
			name = Release;
		};
/* End XCBuildConfiguration section */

/* Begin XCConfigurationList section */
		F26E924D26AFFE1800837E27 /* Build configuration list for PBXProject "ServerJson_01" */ = {
			isa = XCConfigurationList;
			buildConfigurations = (
				F26E926426AFFE1900837E27 /* Debug */,
				F26E926526AFFE1900837E27 /* Release */,
			);
			defaultConfigurationIsVisible = 0;
			defaultConfigurationName = Release;
		};
		F26E926626AFFE1900837E27 /* Build configuration list for PBXNativeTarget "ServerJson_01" */ = {
			isa = XCConfigurationList;
			buildConfigurations = (
				F26E926726AFFE1900837E27 /* Debug */,
				F26E926826AFFE1900837E27 /* Release */,
			);
			defaultConfigurationIsVisible = 0;
			defaultConfigurationName = Release;
		};
/* End XCConfigurationList section */
	};
	rootObject = F26E924A26AFFE1800837E27 /* Project object */;
}
